
Microsoft Visual Studio Solution File, Format Version 12.00
# Visual Studio 14
VisualStudioVersion = 14.0.23107.0
MinimumVisualStudioVersion = 10.0.40219.1
Project("{FAE04EC0-301F-11D3-BF4B-00C04F79EFBC}") = "Vista", "Vista\Vista.csproj", "{D3D4E1EA-53BD-48DD-AE11-68AD4FFA7F65}"
EndProject
Project("{FAE04EC0-301F-11D3-BF4B-00C04F79EFBC}") = "Datos", "Datos\Datos.csproj", "{2C0637C1-D601-4AE7-8D2B-DB1B2B34EC8C}"
EndProject
Global
	GlobalSection(SolutionConfigurationPlatforms) = preSolution
		Debug|Any CPU = Debug|Any CPU
		Release|Any CPU = Release|Any CPU
	EndGlobalSection
	GlobalSection(ProjectConfigurationPlatforms) = postSolution
		{D3D4E1EA-53BD-48DD-AE11-68AD4FFA7F65}.Debug|Any CPU.ActiveCfg = Debug|Any CPU
		{D3D4E1EA-53BD-48DD-AE11-68AD4FFA7F65}.Debug|Any CPU.Build.0 = Debug|Any CPU
		{D3D4E1EA-53BD-48DD-AE11-68AD4FFA7F65}.Release|Any CPU.ActiveCfg = Release|Any CPU
		{D3D4E1EA-53BD-48DD-AE11-68AD4FFA7F65}.Release|Any CPU.Build.0 = Release|Any CPU
		{2C0637C1-D601-4AE7-8D2B-DB1B2B34EC8C}.Debug|Any CPU.ActiveCfg = Debug|Any CPU
		{2C0637C1-D601-4AE7-8D2B-DB1B2B34EC8C}.Debug|Any CPU.Build.0 = Debug|Any CPU
		{2C0637C1-D601-4AE7-8D2B-DB1B2B34EC8C}.Release|Any CPU.ActiveCfg = Release|Any CPU
		{2C0637C1-D601-4AE7-8D2B-DB1B2B34EC8C}.Release|Any CPU.Build.0 = Release|Any CPU
	EndGlobalSection
	GlobalSection(SolutionProperties) = preSolution
		HideSolutionNode = FALSE
	EndGlobalSection
EndGlobal
